
Microsoft Visual Studio Solution File, Format Version 12.00
# Visual Studio Version 16
VisualStudioVersion = 16.0.29411.108
MinimumVisualStudioVersion = 10.0.40219.1
Project("{FAE04EC0-301F-11D3-BF4B-00C04F79EFBC}") = "Roste", "Roste.csproj", "{612FE6FA-0E56-47B7-A3C6-E209616BE12F}"
EndProject
Global
	GlobalSection(SolutionConfigurationPlatforms) = preSolution
		Debug|Any CPU = Debug|Any CPU
		Release|Any CPU = Release|Any CPU
	EndGlobalSection
	GlobalSection(ProjectConfigurationPlatforms) = postSolution
		{612FE6FA-0E56-47B7-A3C6-E209616BE12F}.Debug|Any CPU.ActiveCfg = Debug|Any CPU
		{612FE6FA-0E56-47B7-A3C6-E209616BE12F}.Debug|Any CPU.Build.0 = Debug|Any CPU
		{612FE6FA-0E56-47B7-A3C6-E209616BE12F}.Release|Any CPU.ActiveCfg = Release|Any CPU
		{612FE6FA-0E56-47B7-A3C6-E209616BE12F}.Release|Any CPU.Build.0 = Release|Any CPU
	EndGlobalSection
	GlobalSection(SolutionProperties) = preSolution
		HideSolutionNode = FALSE
	EndGlobalSection
	GlobalSection(ExtensibilityGlobals) = postSolution
		SolutionGuid = {301E4BF9-819F-40AF-9F6C-BADAAD67E4BF}
	EndGlobalSection
EndGlobal
